<?xml version="1.0" encoding="utf-8"?>
<Project ToolsVersion="4.0" xmlns="http://schemas.microsoft.com/developer/msbuild/2003">
  <ItemGroup>
    <ClCompile Include="src\ofApp.cpp">
      <Filter>src</Filter>
    </ClCompile>
    <ClCompile Include="src\main.cpp">
      <Filter>src</Filter>
    </ClCompile>
    <ClCompile Include="win\winmain.cpp">
      <Filter>win</Filter>
    </ClCompile>
    <ClCompile Include="src\drawVector.cpp">
      <Filter>src</Filter>
    </ClCompile>
    <ClCompile Include="src\Sticky.cpp">
      <Filter>src</Filter>
    </ClCompile>
    <ClCompile Include="src\Tile.cpp">
      <Filter>src</Filter>
    </ClCompile>
  </ItemGroup>
  <ItemGroup>
    <Filter Include="src">
      <UniqueIdentifier>{d8376475-7454-4a24-b08a-aac121d3ad6f}</UniqueIdentifier>
    </Filter>
    <Filter Include="addons">
      <UniqueIdentifier>{9b94c683-5415-45d5-adab-86380e905275}</UniqueIdentifier>
    </Filter>
    <Filter Include="win">
      <UniqueIdentifier>{23c5a54d-f1f5-4828-a63b-0c93da3a7da6}</UniqueIdentifier>
    </Filter>
  </ItemGroup>
  <ItemGroup>
    <ClInclude Include="src\ofApp.h">
      <Filter>src</Filter>
    </ClInclude>
    <ClInclude Include="src\AppConsts.h">
      <Filter>src</Filter>
    </ClInclude>
    <ClInclude Include="src\Clock.h">
      <Filter>src</Filter>
    </ClInclude>
    <ClInclude Include="src\debug.h">
      <Filter>src</Filter>
    </ClInclude>
    <ClInclude Include="src\drawVector.h">
      <Filter>src</Filter>
    </ClInclude>
    <ClInclude Include="src\FloatConsts.h">
      <Filter>src</Filter>
    </ClInclude>
    <ClInclude Include="src\HexTileConstants.h">
      <Filter>src</Filter>
    </ClInclude>
    <ClInclude Include="src\LinearTransition.h">
      <Filter>src</Filter>
    </ClInclude>
    <ClInclude Include="src\Sticky.h">
      <Filter>src</Filter>
    </ClInclude>
    <ClInclude Include="src\Tile.h">
      <Filter>src</Filter>
    </ClInclude>
    <ClInclude Include="src\TileParams.h">
      <Filter>src</Filter>
    </ClInclude>
    <ClInclude Include="src\ViewCoords.h">
      <Filter>src</Filter>
    </ClInclude>
    <ClInclude Include="src\ZoomLevels.h">
      <Filter>src</Filter>
    </ClInclude>
  </ItemGroup>
  <ItemGroup>
    <ResourceCompile Include="icon.rc">
      <Filter>src</Filter>
    </ResourceCompile>
  </ItemGroup>
</Project>